# This file is autogenerated, do not edit; changes may be undone by the next 'dep ensure'.


[[projects]]
  digest = "1:d27f3b959babfed517b4c938accbd3ee9589cde5caee8f2412a424c5d7a4690b"
  name = "github.com/chai2010/webp"
  packages = ["."]
  pruneopts = "T"
  revision = "2f2af1eca6e61973231b4da4db56418f1b6dcb33"
  version = "v1.0.0"

[[projects]]
  digest = "1:077358142ef758001f3e13759ce42fb0a89a37971bd5b8ae3f52d46987391a6d"
  name = "github.com/disintegration/imaging"
  packages = ["."]
  pruneopts = "NUT"
  revision = "0bd5694c78c9c3d9a3cd06a706a8f3c59296a9ac"
  version = "v1.5.0"

[[projects]]
  digest = "1:5ae5b54d7cd695bafa92bf426b7c3d046f907260ec0fcb4fe5c368d937597c00"
  name = "github.com/golang/protobuf"
  packages = [
    "proto",
    "protoc-gen-go/descriptor",
    "ptypes",
    "ptypes/any",
    "ptypes/duration",
    "ptypes/timestamp",
  ]
  pruneopts = "NUT"
  revision = "aa810b61a9c79d51363740d207bb46cf8e620ed5"
  version = "v1.2.0"

[[projects]]
  digest = "1:093989285f770fdb92d6b901b8d83510d1a02ac8d7473510532449a024d06595"
  name = "github.com/google/brotli"
  packages = ["go/cbrotli"]
  pruneopts = "T"
  revision = "6eba239a5bb553fd557b7d78f7da8f0059618b9e"
  version = "v1.0.6"

[[projects]]
  digest = "1:99faebd20d946acf913a251b3b64906095fd3b746ef0022ac286a6e2a96058c2"
  name = "github.com/h2non/gock"
  packages = ["."]
  pruneopts = "NUT"
  revision = "db9916111f9d238f7fe98f34dfde20f11142475b"
  version = "v1.0.10"

[[projects]]
  branch = "master"
  digest = "1:d3d337e91c35f337d548873978c858ecb723168a6303a41a3ba625c79094f899"
  name = "golang.org/x/image"
  packages = [
    "bmp",
    "tiff",
    "tiff/lzw",
  ]
  pruneopts = "NUT"
  revision = "991ec62608f3c0da01d400756917825d1e2fd528"

[[projects]]
  branch = "master"
  digest = "1:d39e451e542c7c064d7e29050eb50993a7484d4a3b538387c0f2ac32b5b9cdd8"
  name = "golang.org/x/net"
  packages = [
    "context",
    "http/httpguts",
    "http2",
    "http2/hpack",
    "idna",
    "internal/timeseries",
    "trace",
  ]
  pruneopts = "NUT"
  revision = "49bb7cea24b1df9410e1712aa6433dae904ff66a"

[[projects]]
  branch = "master"
  digest = "1:e1e75018db0765a0ac54aa7f9473417a7db770c75c9527b4bfff03d2e55f0a0a"
  name = "golang.org/x/sys"
  packages = ["unix"]
  pruneopts = "NUT"
  revision = "fa43e7bc11baaae89f3f902b2b4d832b68234844"

[[projects]]
  digest = "1:e7071ed636b5422cc51c0e3a6cebc229d6c9fffc528814b519a980641422d619"
  name = "golang.org/x/text"
  packages = [
    "collate",
    "collate/build",
    "internal/colltab",
    "internal/gen",
    "internal/tag",
    "internal/triegen",
    "internal/ucd",
    "language",
    "secure/bidirule",
    "transform",
    "unicode/bidi",
    "unicode/cldr",
    "unicode/norm",
    "unicode/rangetable",
  ]
  pruneopts = "NUT"
  revision = "f21a4dfb5e38f5895301dc265a8def02365cc3d0"
  version = "v0.3.0"

[[projects]]
  branch = "master"
  digest = "1:56b0bca90b7e5d1facf5fbdacba23e4e0ce069d25381b8e2f70ef1e7ebfb9c1a"
  name = "google.golang.org/genproto"
  packages = ["googleapis/rpc/status"]
  pruneopts = "NUT"
  revision = "af9cb2a35e7f169ec875002c1829c9b315cddc04"

[[projects]]
  digest = "1:37c371f48e209f4d25a90c52c4fa3c48b968c0cb47ab74e05cbff568f390ec68"
  name = "google.golang.org/grpc"
  packages = [
    ".",
    "balancer",
    "balancer/base",
    "balancer/roundrobin",
    "codes",
    "connectivity",
    "credentials",
    "encoding",
    "encoding/proto",
    "grpclog",
    "internal",
    "internal/backoff",
    "internal/channelz",
    "internal/envconfig",
    "internal/grpcrand",
    "internal/transport",
    "keepalive",
    "metadata",
    "naming",
    "peer",
    "reflection",
    "reflection/grpc_reflection_v1alpha",
    "resolver",
    "resolver/dns",
    "resolver/passthrough",
    "stats",
    "status",
    "tap",
  ]
  pruneopts = "NT"
  revision = "8dea3dc473e90c8179e519d91302d0597c0ca1d1"
  version = "v1.15.0"

[solve-meta]
  analyzer-name = "dep"
  analyzer-version = 1
  input-imports = [
    "github.com/chai2010/webp",
    "github.com/disintegration/imaging",
    "github.com/golang/protobuf/proto",
    "github.com/google/brotli/go/cbrotli",
    "github.com/h2non/gock",
    "golang.org/x/net/context",
    "google.golang.org/grpc",
    "google.golang.org/grpc/reflection",
  ]
  solver-name = "gps-cdcl"
  solver-version = 1
